
Microsoft Visual Studio Solution File, Format Version 12.00
# Visual Studio Version 16
VisualStudioVersion = 16.0.30503.244
MinimumVisualStudioVersion = 10.0.40219.1
Project("{FAE04EC0-301F-11D3-BF4B-00C04F79EFBC}") = "aplicativo_tarefa.UWP", "aplicativo_tarefa\aplicativo_tarefa.UWP\aplicativo_tarefa.UWP.csproj", "{B6814D1F-27A3-446A-A6B9-D22392FD525B}"
EndProject
Project("{FAE04EC0-301F-11D3-BF4B-00C04F79EFBC}") = "aplicativo_tarefa.Android", "aplicativo_tarefa\aplicativo_tarefa.Android\aplicativo_tarefa.Android.csproj", "{03A255A1-979A-499C-9BBB-FD06A90A1F15}"
EndProject
Project("{FAE04EC0-301F-11D3-BF4B-00C04F79EFBC}") = "aplicativo_tarefa.iOS", "aplicativo_tarefa\aplicativo_tarefa.iOS\aplicativo_tarefa.iOS.csproj", "{022E61C2-E338-4109-974C-A0010D9C6725}"
EndProject
Project("{9A19103F-16F7-4668-BE54-9A1E7A4F7556}") = "aplicativo_tarefa", "aplicativo_tarefa\aplicativo_tarefa\aplicativo_tarefa.csproj", "{2C28E522-2340-494A-834B-B43EFC0B673B}"
EndProject
Project("{2150E333-8FDC-42A3-9474-1A3956D46DE8}") = "Migration", "Migration", "{22E75124-3A22-4D0A-91ED-F924E56A3C2C}"
EndProject
Project("{FAE04EC0-301F-11D3-BF4B-00C04F79EFBC}") = "AppTarefa.Migration", "AppTarefa.Migration\AppTarefa.Migration.csproj", "{E6B397FA-BCF2-4ED4-8DFA-B7AC20BE71E0}"
EndProject
Global
	GlobalSection(SolutionConfigurationPlatforms) = preSolution
		Debug|Any CPU = Debug|Any CPU
		Debug|ARM = Debug|ARM
		Debug|iPhone = Debug|iPhone
		Debug|iPhoneSimulator = Debug|iPhoneSimulator
		Debug|x64 = Debug|x64
		Debug|x86 = Debug|x86
		Release|Any CPU = Release|Any CPU
		Release|ARM = Release|ARM
		Release|iPhone = Release|iPhone
		Release|iPhoneSimulator = Release|iPhoneSimulator
		Release|x64 = Release|x64
		Release|x86 = Release|x86
	EndGlobalSection
	GlobalSection(ProjectConfigurationPlatforms) = postSolution
		{B6814D1F-27A3-446A-A6B9-D22392FD525B}.Debug|Any CPU.ActiveCfg = Debug|x86
		{B6814D1F-27A3-446A-A6B9-D22392FD525B}.Debug|Any CPU.Build.0 = Debug|x86
		{B6814D1F-27A3-446A-A6B9-D22392FD525B}.Debug|Any CPU.Deploy.0 = Debug|x86
		{B6814D1F-27A3-446A-A6B9-D22392FD525B}.Debug|ARM.ActiveCfg = Debug|ARM
		{B6814D1F-27A3-446A-A6B9-D22392FD525B}.Debug|ARM.Build.0 = Debug|ARM
		{B6814D1F-27A3-446A-A6B9-D22392FD525B}.Debug|ARM.Deploy.0 = Debug|ARM
		{B6814D1F-27A3-446A-A6B9-D22392FD525B}.Debug|iPhone.ActiveCfg = Debug|x86
		{B6814D1F-27A3-446A-A6B9-D22392FD525B}.Debug|iPhone.Build.0 = Debug|x86
		{B6814D1F-27A3-446A-A6B9-D22392FD525B}.Debug|iPhone.Deploy.0 = Debug|x86
		{B6814D1F-27A3-446A-A6B9-D22392FD525B}.Debug|iPhoneSimulator.ActiveCfg = Debug|x86
		{B6814D1F-27A3-446A-A6B9-D22392FD525B}.Debug|iPhoneSimulator.Build.0 = Debug|x86
		{B6814D1F-27A3-446A-A6B9-D22392FD525B}.Debug|iPhoneSimulator.Deploy.0 = Debug|x86
		{B6814D1F-27A3-446A-A6B9-D22392FD525B}.Debug|x64.ActiveCfg = Debug|x64
		{B6814D1F-27A3-446A-A6B9-D22392FD525B}.Debug|x64.Build.0 = Debug|x64
		{B6814D1F-27A3-446A-A6B9-D22392FD525B}.Debug|x64.Deploy.0 = Debug|x64
		{B6814D1F-27A3-446A-A6B9-D22392FD525B}.Debug|x86.ActiveCfg = Debug|x86
		{B6814D1F-27A3-446A-A6B9-D22392FD525B}.Debug|x86.Build.0 = Debug|x86
		{B6814D1F-27A3-446A-A6B9-D22392FD525B}.Debug|x86.Deploy.0 = Debug|x86
		{B6814D1F-27A3-446A-A6B9-D22392FD525B}.Release|Any CPU.ActiveCfg = Release|x86
		{B6814D1F-27A3-446A-A6B9-D22392FD525B}.Release|Any CPU.Build.0 = Release|x86
		{B6814D1F-27A3-446A-A6B9-D22392FD525B}.Release|Any CPU.Deploy.0 = Release|x86
		{B6814D1F-27A3-446A-A6B9-D22392FD525B}.Release|ARM.ActiveCfg = Release|ARM
		{B6814D1F-27A3-446A-A6B9-D22392FD525B}.Release|ARM.Build.0 = Release|ARM
		{B6814D1F-27A3-446A-A6B9-D22392FD525B}.Release|ARM.Deploy.0 = Release|ARM
		{B6814D1F-27A3-446A-A6B9-D22392FD525B}.Release|iPhone.ActiveCfg = Release|x86
		{B6814D1F-27A3-446A-A6B9-D22392FD525B}.Release|iPhone.Build.0 = Release|x86
		{B6814D1F-27A3-446A-A6B9-D22392FD525B}.Release|iPhone.Deploy.0 = Release|x86
		{B6814D1F-27A3-446A-A6B9-D22392FD525B}.Release|iPhoneSimulator.ActiveCfg = Release|x86
		{B6814D1F-27A3-446A-A6B9-D22392FD525B}.Release|iPhoneSimulator.Build.0 = Release|x86
		{B6814D1F-27A3-446A-A6B9-D22392FD525B}.Release|iPhoneSimulator.Deploy.0 = Release|x86
		{B6814D1F-27A3-446A-A6B9-D22392FD525B}.Release|x64.ActiveCfg = Release|x64
		{B6814D1F-27A3-446A-A6B9-D22392FD525B}.Release|x64.Build.0 = Release|x64
		{B6814D1F-27A3-446A-A6B9-D22392FD525B}.Release|x64.Deploy.0 = Release|x64
		{B6814D1F-27A3-446A-A6B9-D22392FD525B}.Release|x86.ActiveCfg = Release|x86
		{B6814D1F-27A3-446A-A6B9-D22392FD525B}.Release|x86.Build.0 = Release|x86
		{B6814D1F-27A3-446A-A6B9-D22392FD525B}.Release|x86.Deploy.0 = Release|x86
		{03A255A1-979A-499C-9BBB-FD06A90A1F15}.Debug|Any CPU.ActiveCfg = Debug|Any CPU
		{03A255A1-979A-499C-9BBB-FD06A90A1F15}.Debug|Any CPU.Build.0 = Debug|Any CPU
		{03A255A1-979A-499C-9BBB-FD06A90A1F15}.Debug|Any CPU.Deploy.0 = Debug|Any CPU
		{03A255A1-979A-499C-9BBB-FD06A90A1F15}.Debug|ARM.ActiveCfg = Debug|Any CPU
		{03A255A1-979A-499C-9BBB-FD06A90A1F15}.Debug|ARM.Build.0 = Debug|Any CPU
		{03A255A1-979A-499C-9BBB-FD06A90A1F15}.Debug|ARM.Deploy.0 = Debug|Any CPU
		{03A255A1-979A-499C-9BBB-FD06A90A1F15}.Debug|iPhone.ActiveCfg = Debug|Any CPU
		{03A255A1-979A-499C-9BBB-FD06A90A1F15}.Debug|iPhone.Build.0 = Debug|Any CPU
		{03A255A1-979A-499C-9BBB-FD06A90A1F15}.Debug|iPhone.Deploy.0 = Debug|Any CPU
		{03A255A1-979A-499C-9BBB-FD06A90A1F15}.Debug|iPhoneSimulator.ActiveCfg = Debug|Any CPU
		{03A255A1-979A-499C-9BBB-FD06A90A1F15}.Debug|iPhoneSimulator.Build.0 = Debug|Any CPU
		{03A255A1-979A-499C-9BBB-FD06A90A1F15}.Debug|iPhoneSimulator.Deploy.0 = Debug|Any CPU
		{03A255A1-979A-499C-9BBB-FD06A90A1F15}.Debug|x64.ActiveCfg = Debug|Any CPU
		{03A255A1-979A-499C-9BBB-FD06A90A1F15}.Debug|x64.Build.0 = Debug|Any CPU
		{03A255A1-979A-499C-9BBB-FD06A90A1F15}.Debug|x64.Deploy.0 = Debug|Any CPU
		{03A255A1-979A-499C-9BBB-FD06A90A1F15}.Debug|x86.ActiveCfg = Debug|Any CPU
		{03A255A1-979A-499C-9BBB-FD06A90A1F15}.Debug|x86.Build.0 = Debug|Any CPU
		{03A255A1-979A-499C-9BBB-FD06A90A1F15}.Debug|x86.Deploy.0 = Debug|Any CPU
		{03A255A1-979A-499C-9BBB-FD06A90A1F15}.Release|Any CPU.ActiveCfg = Release|Any CPU
		{03A255A1-979A-499C-9BBB-FD06A90A1F15}.Release|Any CPU.Build.0 = Release|Any CPU
		{03A255A1-979A-499C-9BBB-FD06A90A1F15}.Release|Any CPU.Deploy.0 = Release|Any CPU
		{03A255A1-979A-499C-9BBB-FD06A90A1F15}.Release|ARM.ActiveCfg = Release|Any CPU
		{03A255A1-979A-499C-9BBB-FD06A90A1F15}.Release|ARM.Build.0 = Release|Any CPU
		{03A255A1-979A-499C-9BBB-FD06A90A1F15}.Release|ARM.Deploy.0 = Release|Any CPU
		{03A255A1-979A-499C-9BBB-FD06A90A1F15}.Release|iPhone.ActiveCfg = Release|Any CPU
		{03A255A1-979A-499C-9BBB-FD06A90A1F15}.Release|iPhone.Build.0 = Release|Any CPU
		{03A255A1-979A-499C-9BBB-FD06A90A1F15}.Release|iPhone.Deploy.0 = Release|Any CPU
		{03A255A1-979A-499C-9BBB-FD06A90A1F15}.Release|iPhoneSimulator.ActiveCfg = Release|Any CPU
		{03A255A1-979A-499C-9BBB-FD06A90A1F15}.Release|iPhoneSimulator.Build.0 = Release|Any CPU
		{03A255A1-979A-499C-9BBB-FD06A90A1F15}.Release|iPhoneSimulator.Deploy.0 = Release|Any CPU
		{03A255A1-979A-499C-9BBB-FD06A90A1F15}.Release|x64.ActiveCfg = Release|Any CPU
		{03A255A1-979A-499C-9BBB-FD06A90A1F15}.Release|x64.Build.0 = Release|Any CPU
		{03A255A1-979A-499C-9BBB-FD06A90A1F15}.Release|x64.Deploy.0 = Release|Any CPU
		{03A255A1-979A-499C-9BBB-FD06A90A1F15}.Release|x86.ActiveCfg = Release|Any CPU
		{03A255A1-979A-499C-9BBB-FD06A90A1F15}.Release|x86.Build.0 = Release|Any CPU
		{03A255A1-979A-499C-9BBB-FD06A90A1F15}.Release|x86.Deploy.0 = Release|Any CPU
		{022E61C2-E338-4109-974C-A0010D9C6725}.Debug|Any CPU.ActiveCfg = Debug|iPhoneSimulator
		{022E61C2-E338-4109-974C-A0010D9C6725}.Debug|Any CPU.Build.0 = Debug|iPhoneSimulator
		{022E61C2-E338-4109-974C-A0010D9C6725}.Debug|Any CPU.Deploy.0 = Debug|iPhoneSimulator
		{022E61C2-E338-4109-974C-A0010D9C6725}.Debug|ARM.ActiveCfg = Debug|iPhone
		{022E61C2-E338-4109-974C-A0010D9C6725}.Debug|ARM.Build.0 = Debug|iPhone
		{022E61C2-E338-4109-974C-A0010D9C6725}.Debug|ARM.Deploy.0 = Debug|iPhone
		{022E61C2-E338-4109-974C-A0010D9C6725}.Debug|iPhone.ActiveCfg = Debug|iPhone
		{022E61C2-E338-4109-974C-A0010D9C6725}.Debug|iPhone.Build.0 = Debug|iPhone
		{022E61C2-E338-4109-974C-A0010D9C6725}.Debug|iPhone.Deploy.0 = Debug|iPhone
		{022E61C2-E338-4109-974C-A0010D9C6725}.Debug|iPhoneSimulator.ActiveCfg = Debug|iPhoneSimulator
		{022E61C2-E338-4109-974C-A0010D9C6725}.Debug|iPhoneSimulator.Build.0 = Debug|iPhoneSimulator
		{022E61C2-E338-4109-974C-A0010D9C6725}.Debug|iPhoneSimulator.Deploy.0 = Debug|iPhoneSimulator
		{022E61C2-E338-4109-974C-A0010D9C6725}.Debug|x64.ActiveCfg = Debug|iPhoneSimulator
		{022E61C2-E338-4109-974C-A0010D9C6725}.Debug|x64.Build.0 = Debug|iPhoneSimulator
		{022E61C2-E338-4109-974C-A0010D9C6725}.Debug|x64.Deploy.0 = Debug|iPhoneSimulator
		{022E61C2-E338-4109-974C-A0010D9C6725}.Debug|x86.ActiveCfg = Debug|iPhoneSimulator
		{022E61C2-E338-4109-974C-A0010D9C6725}.Debug|x86.Build.0 = Debug|iPhoneSimulator
		{022E61C2-E338-4109-974C-A0010D9C6725}.Debug|x86.Deploy.0 = Debug|iPhoneSimulator
		{022E61C2-E338-4109-974C-A0010D9C6725}.Release|Any CPU.ActiveCfg = Release|iPhoneSimulator
		{022E61C2-E338-4109-974C-A0010D9C6725}.Release|Any CPU.Build.0 = Release|iPhoneSimulator
		{022E61C2-E338-4109-974C-A0010D9C6725}.Release|Any CPU.Deploy.0 = Release|iPhoneSimulator
		{022E61C2-E338-4109-974C-A0010D9C6725}.Release|ARM.ActiveCfg = Release|iPhoneSimulator
		{022E61C2-E338-4109-974C-A0010D9C6725}.Release|ARM.Build.0 = Release|iPhoneSimulator
		{022E61C2-E338-4109-974C-A0010D9C6725}.Release|ARM.Deploy.0 = Release|iPhoneSimulator
		{022E61C2-E338-4109-974C-A0010D9C6725}.Release|iPhone.ActiveCfg = Release|iPhone
		{022E61C2-E338-4109-974C-A0010D9C6725}.Release|iPhone.Build.0 = Release|iPhone
		{022E61C2-E338-4109-974C-A0010D9C6725}.Release|iPhone.Deploy.0 = Release|iPhone
		{022E61C2-E338-4109-974C-A0010D9C6725}.Release|iPhoneSimulator.ActiveCfg = Release|iPhoneSimulator
		{022E61C2-E338-4109-974C-A0010D9C6725}.Release|iPhoneSimulator.Build.0 = Release|iPhoneSimulator
		{022E61C2-E338-4109-974C-A0010D9C6725}.Release|iPhoneSimulator.Deploy.0 = Release|iPhoneSimulator
		{022E61C2-E338-4109-974C-A0010D9C6725}.Release|x64.ActiveCfg = Release|iPhoneSimulator
		{022E61C2-E338-4109-974C-A0010D9C6725}.Release|x64.Build.0 = Release|iPhoneSimulator
		{022E61C2-E338-4109-974C-A0010D9C6725}.Release|x64.Deploy.0 = Release|iPhoneSimulator
		{022E61C2-E338-4109-974C-A0010D9C6725}.Release|x86.ActiveCfg = Release|iPhoneSimulator
		{022E61C2-E338-4109-974C-A0010D9C6725}.Release|x86.Build.0 = Release|iPhoneSimulator
		{022E61C2-E338-4109-974C-A0010D9C6725}.Release|x86.Deploy.0 = Release|iPhoneSimulator
		{2C28E522-2340-494A-834B-B43EFC0B673B}.Debug|Any CPU.ActiveCfg = Debug|Any CPU
		{2C28E522-2340-494A-834B-B43EFC0B673B}.Debug|Any CPU.Build.0 = Debug|Any CPU
		{2C28E522-2340-494A-834B-B43EFC0B673B}.Debug|Any CPU.Deploy.0 = Debug|Any CPU
		{2C28E522-2340-494A-834B-B43EFC0B673B}.Debug|ARM.ActiveCfg = Debug|Any CPU
		{2C28E522-2340-494A-834B-B43EFC0B673B}.Debug|ARM.Build.0 = Debug|Any CPU
		{2C28E522-2340-494A-834B-B43EFC0B673B}.Debug|ARM.Deploy.0 = Debug|Any CPU
		{2C28E522-2340-494A-834B-B43EFC0B673B}.Debug|iPhone.ActiveCfg = Debug|Any CPU
		{2C28E522-2340-494A-834B-B43EFC0B673B}.Debug|iPhone.Build.0 = Debug|Any CPU
		{2C28E522-2340-494A-834B-B43EFC0B673B}.Debug|iPhone.Deploy.0 = Debug|Any CPU
		{2C28E522-2340-494A-834B-B43EFC0B673B}.Debug|iPhoneSimulator.ActiveCfg = Debug|Any CPU
		{2C28E522-2340-494A-834B-B43EFC0B673B}.Debug|iPhoneSimulator.Build.0 = Debug|Any CPU
		{2C28E522-2340-494A-834B-B43EFC0B673B}.Debug|iPhoneSimulator.Deploy.0 = Debug|Any CPU
		{2C28E522-2340-494A-834B-B43EFC0B673B}.Debug|x64.ActiveCfg = Debug|Any CPU
		{2C28E522-2340-494A-834B-B43EFC0B673B}.Debug|x64.Build.0 = Debug|Any CPU
		{2C28E522-2340-494A-834B-B43EFC0B673B}.Debug|x64.Deploy.0 = Debug|Any CPU
		{2C28E522-2340-494A-834B-B43EFC0B673B}.Debug|x86.ActiveCfg = Debug|Any CPU
		{2C28E522-2340-494A-834B-B43EFC0B673B}.Debug|x86.Build.0 = Debug|Any CPU
		{2C28E522-2340-494A-834B-B43EFC0B673B}.Debug|x86.Deploy.0 = Debug|Any CPU
		{2C28E522-2340-494A-834B-B43EFC0B673B}.Release|Any CPU.ActiveCfg = Release|Any CPU
		{2C28E522-2340-494A-834B-B43EFC0B673B}.Release|Any CPU.Build.0 = Release|Any CPU
		{2C28E522-2340-494A-834B-B43EFC0B673B}.Release|Any CPU.Deploy.0 = Release|Any CPU
		{2C28E522-2340-494A-834B-B43EFC0B673B}.Release|ARM.ActiveCfg = Release|Any CPU
		{2C28E522-2340-494A-834B-B43EFC0B673B}.Release|ARM.Build.0 = Release|Any CPU
		{2C28E522-2340-494A-834B-B43EFC0B673B}.Release|ARM.Deploy.0 = Release|Any CPU
		{2C28E522-2340-494A-834B-B43EFC0B673B}.Release|iPhone.ActiveCfg = Release|Any CPU
		{2C28E522-2340-494A-834B-B43EFC0B673B}.Release|iPhone.Build.0 = Release|Any CPU
		{2C28E522-2340-494A-834B-B43EFC0B673B}.Release|iPhone.Deploy.0 = Release|Any CPU
		{2C28E522-2340-494A-834B-B43EFC0B673B}.Release|iPhoneSimulator.ActiveCfg = Release|Any CPU
		{2C28E522-2340-494A-834B-B43EFC0B673B}.Release|iPhoneSimulator.Build.0 = Release|Any CPU
		{2C28E522-2340-494A-834B-B43EFC0B673B}.Release|iPhoneSimulator.Deploy.0 = Release|Any CPU
		{2C28E522-2340-494A-834B-B43EFC0B673B}.Release|x64.ActiveCfg = Release|Any CPU
		{2C28E522-2340-494A-834B-B43EFC0B673B}.Release|x64.Build.0 = Release|Any CPU
		{2C28E522-2340-494A-834B-B43EFC0B673B}.Release|x64.Deploy.0 = Release|Any CPU
		{2C28E522-2340-494A-834B-B43EFC0B673B}.Release|x86.ActiveCfg = Release|Any CPU
		{2C28E522-2340-494A-834B-B43EFC0B673B}.Release|x86.Build.0 = Release|Any CPU
		{2C28E522-2340-494A-834B-B43EFC0B673B}.Release|x86.Deploy.0 = Release|Any CPU
		{E6B397FA-BCF2-4ED4-8DFA-B7AC20BE71E0}.Debug|Any CPU.ActiveCfg = Debug|Any CPU
		{E6B397FA-BCF2-4ED4-8DFA-B7AC20BE71E0}.Debug|Any CPU.Build.0 = Debug|Any CPU
		{E6B397FA-BCF2-4ED4-8DFA-B7AC20BE71E0}.Debug|ARM.ActiveCfg = Debug|Any CPU
		{E6B397FA-BCF2-4ED4-8DFA-B7AC20BE71E0}.Debug|ARM.Build.0 = Debug|Any CPU
		{E6B397FA-BCF2-4ED4-8DFA-B7AC20BE71E0}.Debug|iPhone.ActiveCfg = Debug|Any CPU
		{E6B397FA-BCF2-4ED4-8DFA-B7AC20BE71E0}.Debug|iPhone.Build.0 = Debug|Any CPU
		{E6B397FA-BCF2-4ED4-8DFA-B7AC20BE71E0}.Debug|iPhoneSimulator.ActiveCfg = Debug|Any CPU
		{E6B397FA-BCF2-4ED4-8DFA-B7AC20BE71E0}.Debug|iPhoneSimulator.Build.0 = Debug|Any CPU
		{E6B397FA-BCF2-4ED4-8DFA-B7AC20BE71E0}.Debug|x64.ActiveCfg = Debug|Any CPU
		{E6B397FA-BCF2-4ED4-8DFA-B7AC20BE71E0}.Debug|x64.Build.0 = Debug|Any CPU
		{E6B397FA-BCF2-4ED4-8DFA-B7AC20BE71E0}.Debug|x86.ActiveCfg = Debug|Any CPU
		{E6B397FA-BCF2-4ED4-8DFA-B7AC20BE71E0}.Debug|x86.Build.0 = Debug|Any CPU
		{E6B397FA-BCF2-4ED4-8DFA-B7AC20BE71E0}.Release|Any CPU.ActiveCfg = Release|Any CPU
		{E6B397FA-BCF2-4ED4-8DFA-B7AC20BE71E0}.Release|Any CPU.Build.0 = Release|Any CPU
		{E6B397FA-BCF2-4ED4-8DFA-B7AC20BE71E0}.Release|ARM.ActiveCfg = Release|Any CPU
		{E6B397FA-BCF2-4ED4-8DFA-B7AC20BE71E0}.Release|ARM.Build.0 = Release|Any CPU
		{E6B397FA-BCF2-4ED4-8DFA-B7AC20BE71E0}.Release|iPhone.ActiveCfg = Release|Any CPU
		{E6B397FA-BCF2-4ED4-8DFA-B7AC20BE71E0}.Release|iPhone.Build.0 = Release|Any CPU
		{E6B397FA-BCF2-4ED4-8DFA-B7AC20BE71E0}.Release|iPhoneSimulator.ActiveCfg = Release|Any CPU
		{E6B397FA-BCF2-4ED4-8DFA-B7AC20BE71E0}.Release|iPhoneSimulator.Build.0 = Release|Any CPU
		{E6B397FA-BCF2-4ED4-8DFA-B7AC20BE71E0}.Release|x64.ActiveCfg = Release|Any CPU
		{E6B397FA-BCF2-4ED4-8DFA-B7AC20BE71E0}.Release|x64.Build.0 = Release|Any CPU
		{E6B397FA-BCF2-4ED4-8DFA-B7AC20BE71E0}.Release|x86.ActiveCfg = Release|Any CPU
		{E6B397FA-BCF2-4ED4-8DFA-B7AC20BE71E0}.Release|x86.Build.0 = Release|Any CPU
	EndGlobalSection
	GlobalSection(SolutionProperties) = preSolution
		HideSolutionNode = FALSE
	EndGlobalSection
	GlobalSection(NestedProjects) = preSolution
		{E6B397FA-BCF2-4ED4-8DFA-B7AC20BE71E0} = {22E75124-3A22-4D0A-91ED-F924E56A3C2C}
	EndGlobalSection
	GlobalSection(ExtensibilityGlobals) = postSolution
		SolutionGuid = {86DB88D0-7610-491D-9CEB-9C429C67F4CC}
	EndGlobalSection
EndGlobal
